%{
  "file_only_logger": {:hex, :file_only_logger, "0.2.43", "40a5cd4874feccd51b172cdcb30e65d067f81b803d0441c4b156fd391a46ead7", [:mix], [{:persist_config, "~> 0.4", [hex: :persist_config, repo: "hexpm", optional: false]}], "hexpm", "2ad0f5b6f7b3e08db9aab6351cc69d974f50a2bd4835649805dfa38982fba0a5"},
  "io_ansi_plus": {:hex, :io_ansi_plus, "0.1.72", "1f3b9a5631b01f34c3862532144582597e030ed1a5e9dafdf4873cbf904c52a2", [:mix], [{:persist_config, "~> 0.4", [hex: :persist_config, repo: "hexpm", optional: false]}], "hexpm", "0f95f07b8832408d71da425ff5500e960c3f4ee0ae8c4f04572b2293c4d74bb2"},
  "io_ansi_table": {:hex, :io_ansi_table, "1.0.39", "b9d4935eb9f6867ad9cca85ed57a3688267da95d6db42fd2c41ee6f0030e5c92", [:mix], [{:file_only_logger, "~> 0.2", [hex: :file_only_logger, repo: "hexpm", optional: false]}, {:io_ansi_plus, "~> 0.1", [hex: :io_ansi_plus, repo: "hexpm", optional: false]}, {:log_reset, "~> 0.1", [hex: :log_reset, repo: "hexpm", optional: false]}, {:map_sorter, "~> 0.2", [hex: :map_sorter, repo: "hexpm", optional: false]}, {:persist_config, "~> 0.4", [hex: :persist_config, repo: "hexpm", optional: false]}], "hexpm", "bbb07fa7e37f77d0ab383a72832e09d5921b1eab963fffc12b8c3d342f34138d"},
  "log_reset": {:hex, :log_reset, "0.1.66", "3f1fd0d78084f0e63e958c4fa5454f34be7bbce4bcba57afd523abf503dfd6b8", [:mix], [{:file_only_logger, "~> 0.2", [hex: :file_only_logger, repo: "hexpm", optional: false]}, {:persist_config, "~> 0.4", [hex: :persist_config, repo: "hexpm", optional: false]}], "hexpm", "90ff4cdd10861a3ed0ebc6faa0ff1db6f2d5d712eb5d141babdbc9e4bb834b2a"},
  "map_sorter": {:hex, :map_sorter, "0.2.69", "5377eaf5730f91c91e32e10f17df069470998ca5d2cc52fbc26319ca6262855a", [:mix], [{:file_only_logger, "~> 0.2", [hex: :file_only_logger, repo: "hexpm", optional: false]}, {:log_reset, "~> 0.1", [hex: :log_reset, repo: "hexpm", optional: false]}, {:persist_config, "~> 0.4", [hex: :persist_config, repo: "hexpm", optional: false]}], "hexpm", "d9486ccb15ed5448d39b295ad0cbfb8dd23431979afb139ee417c61c6614b81d"},
  "persist_config": {:hex, :persist_config, "0.4.35", "028eb52324fc21c49b464822b38fdbfff614734286742bba829b2f753e1db69d", [:mix], [], "hexpm", "a2486ee69100edf60f2cb3ce5f06857c98335e3750bbd8c1de7d7714c8d0af4f"},
  "table_rex": {:hex, :table_rex, "4.1.0", "fbaa8b1ce154c9772012bf445bfb86b587430fb96f3b12022d3f35ee4a68c918", [:mix], [], "hexpm", "95932701df195d43bc2d1c6531178fc8338aa8f38c80f098504d529c43bc2601"},
}
